
Microsoft Visual Studio Solution File, Format Version 12.00
# Visual Studio 14
VisualStudioVersion = 14.0.25420.1
MinimumVisualStudioVersion = 10.0.40219.1
Project("{FAE04EC0-301F-11D3-BF4B-00C04F79EFBC}") = "Example", "Example\Example.csproj", "{42634096-94DD-4E80-B541-1B1C85C4D830}"
EndProject
Project("{FAE04EC0-301F-11D3-BF4B-00C04F79EFBC}") = "Example2", "Example2\Example2.csproj", "{B5046FD0-17EA-4045-9827-3F1BCB825A1E}"
EndProject
Project("{FAE04EC0-301F-11D3-BF4B-00C04F79EFBC}") = "Exaple3", "Exaple3\Exaple3.csproj", "{BFA1668D-8532-4556-9D4D-8A43E334591E}"
EndProject
Project("{FAE04EC0-301F-11D3-BF4B-00C04F79EFBC}") = "Example4", "Example4\Example4.csproj", "{20A80985-79F9-4795-A28E-CEDBB9187AD3}"
EndProject
Project("{FAE04EC0-301F-11D3-BF4B-00C04F79EFBC}") = "Example4v2", "Example4v2\Example4v2.csproj", "{66EEA59D-AC60-4EB1-B3D5-95041D318BA7}"
EndProject
Project("{FAE04EC0-301F-11D3-BF4B-00C04F79EFBC}") = "Example5", "Example5\Example5.csproj", "{BEB82911-21ED-4123-925F-9D7B7092C550}"
EndProject
Project("{FAE04EC0-301F-11D3-BF4B-00C04F79EFBC}") = "Example6", "Example6\Example6.csproj", "{D16318EC-66B5-42AC-A293-1F8662B037D9}"
EndProject
Project("{FAE04EC0-301F-11D3-BF4B-00C04F79EFBC}") = "Example7", "Example7\Example7.csproj", "{B9FCC678-D460-4BDE-96AF-1C23CC55AC49}"
EndProject
Project("{FAE04EC0-301F-11D3-BF4B-00C04F79EFBC}") = "Example8", "Example8\Example8.csproj", "{EB15CED5-B704-4CF1-BED0-E538C2063EDF}"
EndProject
Project("{FAE04EC0-301F-11D3-BF4B-00C04F79EFBC}") = "Example9", "Example9\Example9.csproj", "{F733B875-6DAF-487E-BCE5-CC2DAE9062CA}"
EndProject
Project("{FAE04EC0-301F-11D3-BF4B-00C04F79EFBC}") = "Example10", "Example10\Example10.csproj", "{60FD2DF3-C01C-44E6-8E24-DA713FF2A127}"
EndProject
Project("{FAE04EC0-301F-11D3-BF4B-00C04F79EFBC}") = "Exaple11", "Exaple11\Exaple11.csproj", "{67FAFBEA-B028-4ABA-9490-14C3560A5577}"
EndProject
Project("{FAE04EC0-301F-11D3-BF4B-00C04F79EFBC}") = "Example12", "Example12\Example12.csproj", "{4C5FFD39-57A3-4C32-9ED9-D0E859798892}"
EndProject
Project("{FAE04EC0-301F-11D3-BF4B-00C04F79EFBC}") = "Example13", "Example13\Example13.csproj", "{895BEB19-5EFB-4FD3-98B6-30A9D2AE3DC4}"
EndProject
Project("{FAE04EC0-301F-11D3-BF4B-00C04F79EFBC}") = "Example14", "Example14\Example14.csproj", "{ABECE834-5378-4313-A7DF-A1C6329F9A33}"
EndProject
Project("{FAE04EC0-301F-11D3-BF4B-00C04F79EFBC}") = "Example15", "Example15\Example15.csproj", "{706410AE-0E35-472A-B949-32210BC2FCE9}"
EndProject
Global
	GlobalSection(SolutionConfigurationPlatforms) = preSolution
		Debug|Any CPU = Debug|Any CPU
		Release|Any CPU = Release|Any CPU
	EndGlobalSection
	GlobalSection(ProjectConfigurationPlatforms) = postSolution
		{42634096-94DD-4E80-B541-1B1C85C4D830}.Debug|Any CPU.ActiveCfg = Debug|Any CPU
		{42634096-94DD-4E80-B541-1B1C85C4D830}.Debug|Any CPU.Build.0 = Debug|Any CPU
		{42634096-94DD-4E80-B541-1B1C85C4D830}.Release|Any CPU.ActiveCfg = Release|Any CPU
		{42634096-94DD-4E80-B541-1B1C85C4D830}.Release|Any CPU.Build.0 = Release|Any CPU
		{B5046FD0-17EA-4045-9827-3F1BCB825A1E}.Debug|Any CPU.ActiveCfg = Debug|Any CPU
		{B5046FD0-17EA-4045-9827-3F1BCB825A1E}.Debug|Any CPU.Build.0 = Debug|Any CPU
		{B5046FD0-17EA-4045-9827-3F1BCB825A1E}.Release|Any CPU.ActiveCfg = Release|Any CPU
		{B5046FD0-17EA-4045-9827-3F1BCB825A1E}.Release|Any CPU.Build.0 = Release|Any CPU
		{BFA1668D-8532-4556-9D4D-8A43E334591E}.Debug|Any CPU.ActiveCfg = Debug|Any CPU
		{BFA1668D-8532-4556-9D4D-8A43E334591E}.Debug|Any CPU.Build.0 = Debug|Any CPU
		{BFA1668D-8532-4556-9D4D-8A43E334591E}.Release|Any CPU.ActiveCfg = Release|Any CPU
		{BFA1668D-8532-4556-9D4D-8A43E334591E}.Release|Any CPU.Build.0 = Release|Any CPU
		{20A80985-79F9-4795-A28E-CEDBB9187AD3}.Debug|Any CPU.ActiveCfg = Debug|Any CPU
		{20A80985-79F9-4795-A28E-CEDBB9187AD3}.Debug|Any CPU.Build.0 = Debug|Any CPU
		{20A80985-79F9-4795-A28E-CEDBB9187AD3}.Release|Any CPU.ActiveCfg = Release|Any CPU
		{20A80985-79F9-4795-A28E-CEDBB9187AD3}.Release|Any CPU.Build.0 = Release|Any CPU
		{66EEA59D-AC60-4EB1-B3D5-95041D318BA7}.Debug|Any CPU.ActiveCfg = Debug|Any CPU
		{66EEA59D-AC60-4EB1-B3D5-95041D318BA7}.Debug|Any CPU.Build.0 = Debug|Any CPU
		{66EEA59D-AC60-4EB1-B3D5-95041D318BA7}.Release|Any CPU.ActiveCfg = Release|Any CPU
		{66EEA59D-AC60-4EB1-B3D5-95041D318BA7}.Release|Any CPU.Build.0 = Release|Any CPU
		{BEB82911-21ED-4123-925F-9D7B7092C550}.Debug|Any CPU.ActiveCfg = Debug|Any CPU
		{BEB82911-21ED-4123-925F-9D7B7092C550}.Debug|Any CPU.Build.0 = Debug|Any CPU
		{BEB82911-21ED-4123-925F-9D7B7092C550}.Release|Any CPU.ActiveCfg = Release|Any CPU
		{BEB82911-21ED-4123-925F-9D7B7092C550}.Release|Any CPU.Build.0 = Release|Any CPU
		{D16318EC-66B5-42AC-A293-1F8662B037D9}.Debug|Any CPU.ActiveCfg = Debug|Any CPU
		{D16318EC-66B5-42AC-A293-1F8662B037D9}.Debug|Any CPU.Build.0 = Debug|Any CPU
		{D16318EC-66B5-42AC-A293-1F8662B037D9}.Release|Any CPU.ActiveCfg = Release|Any CPU
		{D16318EC-66B5-42AC-A293-1F8662B037D9}.Release|Any CPU.Build.0 = Release|Any CPU
		{B9FCC678-D460-4BDE-96AF-1C23CC55AC49}.Debug|Any CPU.ActiveCfg = Debug|Any CPU
		{B9FCC678-D460-4BDE-96AF-1C23CC55AC49}.Debug|Any CPU.Build.0 = Debug|Any CPU
		{B9FCC678-D460-4BDE-96AF-1C23CC55AC49}.Release|Any CPU.ActiveCfg = Release|Any CPU
		{B9FCC678-D460-4BDE-96AF-1C23CC55AC49}.Release|Any CPU.Build.0 = Release|Any CPU
		{EB15CED5-B704-4CF1-BED0-E538C2063EDF}.Debug|Any CPU.ActiveCfg = Debug|Any CPU
		{EB15CED5-B704-4CF1-BED0-E538C2063EDF}.Debug|Any CPU.Build.0 = Debug|Any CPU
		{EB15CED5-B704-4CF1-BED0-E538C2063EDF}.Release|Any CPU.ActiveCfg = Release|Any CPU
		{EB15CED5-B704-4CF1-BED0-E538C2063EDF}.Release|Any CPU.Build.0 = Release|Any CPU
		{F733B875-6DAF-487E-BCE5-CC2DAE9062CA}.Debug|Any CPU.ActiveCfg = Debug|Any CPU
		{F733B875-6DAF-487E-BCE5-CC2DAE9062CA}.Debug|Any CPU.Build.0 = Debug|Any CPU
		{F733B875-6DAF-487E-BCE5-CC2DAE9062CA}.Release|Any CPU.ActiveCfg = Release|Any CPU
		{F733B875-6DAF-487E-BCE5-CC2DAE9062CA}.Release|Any CPU.Build.0 = Release|Any CPU
		{60FD2DF3-C01C-44E6-8E24-DA713FF2A127}.Debug|Any CPU.ActiveCfg = Debug|Any CPU
		{60FD2DF3-C01C-44E6-8E24-DA713FF2A127}.Debug|Any CPU.Build.0 = Debug|Any CPU
		{60FD2DF3-C01C-44E6-8E24-DA713FF2A127}.Release|Any CPU.ActiveCfg = Release|Any CPU
		{60FD2DF3-C01C-44E6-8E24-DA713FF2A127}.Release|Any CPU.Build.0 = Release|Any CPU
		{67FAFBEA-B028-4ABA-9490-14C3560A5577}.Debug|Any CPU.ActiveCfg = Debug|Any CPU
		{67FAFBEA-B028-4ABA-9490-14C3560A5577}.Debug|Any CPU.Build.0 = Debug|Any CPU
		{67FAFBEA-B028-4ABA-9490-14C3560A5577}.Release|Any CPU.ActiveCfg = Release|Any CPU
		{67FAFBEA-B028-4ABA-9490-14C3560A5577}.Release|Any CPU.Build.0 = Release|Any CPU
		{4C5FFD39-57A3-4C32-9ED9-D0E859798892}.Debug|Any CPU.ActiveCfg = Debug|Any CPU
		{4C5FFD39-57A3-4C32-9ED9-D0E859798892}.Debug|Any CPU.Build.0 = Debug|Any CPU
		{4C5FFD39-57A3-4C32-9ED9-D0E859798892}.Release|Any CPU.ActiveCfg = Release|Any CPU
		{4C5FFD39-57A3-4C32-9ED9-D0E859798892}.Release|Any CPU.Build.0 = Release|Any CPU
		{895BEB19-5EFB-4FD3-98B6-30A9D2AE3DC4}.Debug|Any CPU.ActiveCfg = Debug|Any CPU
		{895BEB19-5EFB-4FD3-98B6-30A9D2AE3DC4}.Debug|Any CPU.Build.0 = Debug|Any CPU
		{895BEB19-5EFB-4FD3-98B6-30A9D2AE3DC4}.Release|Any CPU.ActiveCfg = Release|Any CPU
		{895BEB19-5EFB-4FD3-98B6-30A9D2AE3DC4}.Release|Any CPU.Build.0 = Release|Any CPU
		{ABECE834-5378-4313-A7DF-A1C6329F9A33}.Debug|Any CPU.ActiveCfg = Debug|Any CPU
		{ABECE834-5378-4313-A7DF-A1C6329F9A33}.Debug|Any CPU.Build.0 = Debug|Any CPU
		{ABECE834-5378-4313-A7DF-A1C6329F9A33}.Release|Any CPU.ActiveCfg = Release|Any CPU
		{ABECE834-5378-4313-A7DF-A1C6329F9A33}.Release|Any CPU.Build.0 = Release|Any CPU
		{706410AE-0E35-472A-B949-32210BC2FCE9}.Debug|Any CPU.ActiveCfg = Debug|Any CPU
		{706410AE-0E35-472A-B949-32210BC2FCE9}.Debug|Any CPU.Build.0 = Debug|Any CPU
		{706410AE-0E35-472A-B949-32210BC2FCE9}.Release|Any CPU.ActiveCfg = Release|Any CPU
		{706410AE-0E35-472A-B949-32210BC2FCE9}.Release|Any CPU.Build.0 = Release|Any CPU
	EndGlobalSection
	GlobalSection(SolutionProperties) = preSolution
		HideSolutionNode = FALSE
	EndGlobalSection
EndGlobal
